// !$*UTF8*$!
{
	archiveVersion = 1;
	classes = {
	};
	objectVersion = 46;
	objects = {

/* Begin PBXBuildFile section */
		F11A83E01AD592D1005814D9 /* main.c in Sources */ = {isa = PBXBuildFile; fileRef = F11A83DF1AD592D1005814D9 /* main.c */; };
		F11A83E81AD594BF005814D9 /* hashtable.c in Sources */ = {isa = PBXBuildFile; fileRef = F11A83E61AD594BF005814D9 /* hashtable.c */; };
/* End PBXBuildFile section */

/* Begin PBXCopyFilesBuildPhase section */
		F11A83DA1AD592D1005814D9 /* CopyFiles */ = {
			isa = PBXCopyFilesBuildPhase;
			buildActionMask = 2147483647;
			dstPath = /usr/share/man/man1/;
			dstSubfolderSpec = 0;
			files = (
			);
			runOnlyForDeploymentPostprocessing = 1;
		};
/* End PBXCopyFilesBuildPhase section */

/* Begin PBXFileReference section */
		196A70201AD833EE00F39BE9 /* st_types.h */ = {isa = PBXFileReference; lastKnownFileType = sourcecode.c.h; path = st_types.h; sourceTree = "<group>"; };
		F11A83DC1AD592D1005814D9 /* SymTable */ = {isa = PBXFileReference; explicitFileType = "compiled.mach-o.executable"; includeInIndex = 0; path = SymTable; sourceTree = BUILT_PRODUCTS_DIR; };
		F11A83DF1AD592D1005814D9 /* main.c */ = {isa = PBXFileReference; lastKnownFileType = sourcecode.c.c; path = main.c; sourceTree = "<group>"; };
		F11A83E61AD594BF005814D9 /* hashtable.c */ = {isa = PBXFileReference; fileEncoding = 4; lastKnownFileType = sourcecode.c.c; path = hashtable.c; sourceTree = "<group>"; };
		F11A83E71AD594BF005814D9 /* hashtable.h */ = {isa = PBXFileReference; fileEncoding = 4; lastKnownFileType = sourcecode.c.h; path = hashtable.h; sourceTree = "<group>"; };
/* End PBXFileReference section */

/* Begin PBXFrameworksBuildPhase section */
		F11A83D91AD592D1005814D9 /* Frameworks */ = {
			isa = PBXFrameworksBuildPhase;
			buildActionMask = 2147483647;
			files = (
			);
			runOnlyForDeploymentPostprocessing = 0;
		};
/* End PBXFrameworksBuildPhase section */

/* Begin PBXGroup section */
		F11A83D31AD592D1005814D9 = {
			isa = PBXGroup;
			children = (
				F11A83DE1AD592D1005814D9 /* SymTable */,
				F11A83DD1AD592D1005814D9 /* Products */,
			);
			sourceTree = "<group>";
		};
		F11A83DD1AD592D1005814D9 /* Products */ = {
			isa = PBXGroup;
			children = (
				F11A83DC1AD592D1005814D9 /* SymTable */,
			);
			name = Products;
			sourceTree = "<group>";
		};
		F11A83DE1AD592D1005814D9 /* SymTable */ = {
			isa = PBXGroup;
			children = (
				F11A83DF1AD592D1005814D9 /* main.c */,
				F11A83E61AD594BF005814D9 /* hashtable.c */,
				F11A83E71AD594BF005814D9 /* hashtable.h */,
				196A70201AD833EE00F39BE9 /* st_types.h */,
			);
			path = SymTable;
			sourceTree = "<group>";
		};
/* End PBXGroup section */

/* Begin PBXNativeTarget section */
		F11A83DB1AD592D1005814D9 /* SymTable */ = {
			isa = PBXNativeTarget;
			buildConfigurationList = F11A83E31AD592D1005814D9 /* Build configuration list for PBXNativeTarget "SymTable" */;
			buildPhases = (
				F11A83D81AD592D1005814D9 /* Sources */,
				F11A83D91AD592D1005814D9 /* Frameworks */,
				F11A83DA1AD592D1005814D9 /* CopyFiles */,
			);
			buildRules = (
			);
			dependencies = (
			);
			name = SymTable;
			productName = SymTable;
			productReference = F11A83DC1AD592D1005814D9 /* SymTable */;
			productType = "com.apple.product-type.tool";
		};
/* End PBXNativeTarget section */

/* Begin PBXProject section */
		F11A83D41AD592D1005814D9 /* Project object */ = {
			isa = PBXProject;
			attributes = {
				LastUpgradeCheck = 0620;
				ORGANIZATIONNAME = QiuChusheng;
				TargetAttributes = {
					F11A83DB1AD592D1005814D9 = {
						CreatedOnToolsVersion = 6.2;
					};
				};
			};
			buildConfigurationList = F11A83D71AD592D1005814D9 /* Build configuration list for PBXProject "SymTable" */;
			compatibilityVersion = "Xcode 3.2";
			developmentRegion = English;
			hasScannedForEncodings = 0;
			knownRegions = (
				en,
			);
			mainGroup = F11A83D31AD592D1005814D9;
			productRefGroup = F11A83DD1AD592D1005814D9 /* Products */;
			projectDirPath = "";
			projectRoot = "";
			targets = (
				F11A83DB1AD592D1005814D9 /* SymTable */,
			);
		};
/* End PBXProject section */

/* Begin PBXSourcesBuildPhase section */
		F11A83D81AD592D1005814D9 /* Sources */ = {
			isa = PBXSourcesBuildPhase;
			buildActionMask = 2147483647;
			files = (
				F11A83E81AD594BF005814D9 /* hashtable.c in Sources */,
				F11A83E01AD592D1005814D9 /* main.c in Sources */,
			);
			runOnlyForDeploymentPostprocessing = 0;
		};
/* End PBXSourcesBuildPhase section */

/* Begin XCBuildConfiguration section */
		F11A83E11AD592D1005814D9 /* Debug */ = {
			isa = XCBuildConfiguration;
			buildSettings = {
				ALWAYS_SEARCH_USER_PATHS = NO;
				CLANG_CXX_LANGUAGE_STANDARD = "gnu++0x";
				CLANG_CXX_LIBRARY = "libc++";
				CLANG_ENABLE_MODULES = YES;
				CLANG_ENABLE_OBJC_ARC = YES;
				CLANG_WARN_BOOL_CONVERSION = YES;
				CLANG_WARN_CONSTANT_CONVERSION = YES;
				CLANG_WARN_DIRECT_OBJC_ISA_USAGE = YES_ERROR;
				CLANG_WARN_EMPTY_BODY = YES;
				CLANG_WARN_ENUM_CONVERSION = YES;
				CLANG_WARN_INT_CONVERSION = YES;
				CLANG_WARN_OBJC_ROOT_CLASS = YES_ERROR;
				CLANG_WARN_UNREACHABLE_CODE = YES;
				CLANG_WARN__DUPLICATE_METHOD_MATCH = YES;
				COPY_PHASE_STRIP = NO;
				ENABLE_STRICT_OBJC_MSGSEND = YES;
				GCC_C_LANGUAGE_STANDARD = gnu99;
				GCC_DYNAMIC_NO_PIC = NO;
				GCC_OPTIMIZATION_LEVEL = 0;
				GCC_PREPROCESSOR_DEFINITIONS = (
					"DEBUG=1",
					"$(inherited)",
				);
				GCC_SYMBOLS_PRIVATE_EXTERN = NO;
				GCC_WARN_64_TO_32_BIT_CONVERSION = YES;
				GCC_WARN_ABOUT_RETURN_TYPE = YES_ERROR;
				GCC_WARN_UNDECLARED_SELECTOR = YES;
				GCC_WARN_UNINITIALIZED_AUTOS = YES_AGGRESSIVE;
				GCC_WARN_UNUSED_FUNCTION = YES;
				GCC_WARN_UNUSED_VARIABLE = YES;
				MACOSX_DEPLOYMENT_TARGET = 10.10;
				MTL_ENABLE_DEBUG_INFO = YES;
				ONLY_ACTIVE_ARCH = YES;
				SDKROOT = macosx;
			};
			name = Debug;
		};
		F11A83E21AD592D1005814D9 /* Release */ = {
			isa = XCBuildConfiguration;
			buildSettings = {
				ALWAYS_SEARCH_USER_PATHS = NO;
				CLANG_CXX_LANGUAGE_STANDARD = "gnu++0x";
				CLANG_CXX_LIBRARY = "libc++";
				CLANG_ENABLE_MODULES = YES;
				CLANG_ENABLE_OBJC_ARC = YES;
				CLANG_WARN_BOOL_CONVERSION = YES;
				CLANG_WARN_CONSTANT_CONVERSION = YES;
				CLANG_WARN_DIRECT_OBJC_ISA_USAGE = YES_ERROR;
				CLANG_WARN_EMPTY_BODY = YES;
				CLANG_WARN_ENUM_CONVERSION = YES;
				CLANG_WARN_INT_CONVERSION = YES;
				CLANG_WARN_OBJC_ROOT_CLASS = YES_ERROR;
				CLANG_WARN_UNREACHABLE_CODE = YES;
				CLANG_WARN__DUPLICATE_METHOD_MATCH = YES;
				COPY_PHASE_STRIP = NO;
				DEBUG_INFORMATION_FORMAT = "dwarf-with-dsym";
				ENABLE_NS_ASSERTIONS = NO;
				ENABLE_STRICT_OBJC_MSGSEND = YES;
				GCC_C_LANGUAGE_STANDARD = gnu99;
				GCC_WARN_64_TO_32_BIT_CONVERSION = YES;
				GCC_WARN_ABOUT_RETURN_TYPE = YES_ERROR;
				GCC_WARN_UNDECLARED_SELECTOR = YES;
				GCC_WARN_UNINITIALIZED_AUTOS = YES_AGGRESSIVE;
				GCC_WARN_UNUSED_FUNCTION = YES;
				GCC_WARN_UNUSED_VARIABLE = YES;
				MACOSX_DEPLOYMENT_TARGET = 10.10;
				MTL_ENABLE_DEBUG_INFO = NO;
				SDKROOT = macosx;
			};
			name = Release;
		};
		F11A83E41AD592D1005814D9 /* Debug */ = {
			isa = XCBuildConfiguration;
			buildSettings = {
				PRODUCT_NAME = "$(TARGET_NAME)";
			};
			name = Debug;
		};
		F11A83E51AD592D1005814D9 /* Release */ = {
			isa = XCBuildConfiguration;
			buildSettings = {
				PRODUCT_NAME = "$(TARGET_NAME)";
			};
			name = Release;
		};
/* End XCBuildConfiguration section */

/* Begin XCConfigurationList section */
		F11A83D71AD592D1005814D9 /* Build configuration list for PBXProject "SymTable" */ = {
			isa = XCConfigurationList;
			buildConfigurations = (
				F11A83E11AD592D1005814D9 /* Debug */,
				F11A83E21AD592D1005814D9 /* Release */,
			);
			defaultConfigurationIsVisible = 0;
			defaultConfigurationName = Release;
		};
		F11A83E31AD592D1005814D9 /* Build configuration list for PBXNativeTarget "SymTable" */ = {
			isa = XCConfigurationList;
			buildConfigurations = (
				F11A83E41AD592D1005814D9 /* Debug */,
				F11A83E51AD592D1005814D9 /* Release */,
			);
			defaultConfigurationIsVisible = 0;
			defaultConfigurationName = Release;
		};
/* End XCConfigurationList section */
	};
	rootObject = F11A83D41AD592D1005814D9 /* Project object */;
}
